
Microsoft Visual Studio Solution File, Format Version 12.00
# Visual Studio 2012
Project("{FAE04EC0-301F-11D3-BF4B-00C04F79EFBC}") = "Main", "Main\Main.csproj", "{27D4C2F7-5BEE-4FAF-AFB8-E9871948BF78}"
EndProject
Project("{FAE04EC0-301F-11D3-BF4B-00C04F79EFBC}") = "Library", "Library\Library.csproj", "{0BDC6551-4043-4240-8A5D-1FE79B426DF1}"
EndProject
Global
	GlobalSection(SolutionConfigurationPlatforms) = preSolution
		Debug|Any CPU = Debug|Any CPU
		Release|Any CPU = Release|Any CPU
	EndGlobalSection
	GlobalSection(ProjectConfigurationPlatforms) = postSolution
		{27D4C2F7-5BEE-4FAF-AFB8-E9871948BF78}.Debug|Any CPU.ActiveCfg = Debug|Any CPU
		{27D4C2F7-5BEE-4FAF-AFB8-E9871948BF78}.Debug|Any CPU.Build.0 = Debug|Any CPU
		{27D4C2F7-5BEE-4FAF-AFB8-E9871948BF78}.Release|Any CPU.ActiveCfg = Release|Any CPU
		{27D4C2F7-5BEE-4FAF-AFB8-E9871948BF78}.Release|Any CPU.Build.0 = Release|Any CPU
		{0BDC6551-4043-4240-8A5D-1FE79B426DF1}.Debug|Any CPU.ActiveCfg = Debug|Any CPU
		{0BDC6551-4043-4240-8A5D-1FE79B426DF1}.Debug|Any CPU.Build.0 = Debug|Any CPU
		{0BDC6551-4043-4240-8A5D-1FE79B426DF1}.Release|Any CPU.ActiveCfg = Release|Any CPU
		{0BDC6551-4043-4240-8A5D-1FE79B426DF1}.Release|Any CPU.Build.0 = Release|Any CPU
	EndGlobalSection
	GlobalSection(SolutionProperties) = preSolution
		HideSolutionNode = FALSE
	EndGlobalSection
EndGlobal
