
Microsoft Visual Studio Solution File, Format Version 12.00
# Visual Studio 2012
Project("{FAE04EC0-301F-11D3-BF4B-00C04F79EFBC}") = "01. Multilple by five", "01. Multilple by five\01. Multilple by five.csproj", "{61A17574-A1E2-4C4F-B571-D69400F99403}"
EndProject
Project("{FAE04EC0-301F-11D3-BF4B-00C04F79EFBC}") = "02. Compare arrays", "02. Compare arrays\02. Compare arrays.csproj", "{7B239F52-D049-454A-A69F-30CF26822558}"
EndProject
Project("{FAE04EC0-301F-11D3-BF4B-00C04F79EFBC}") = "03. Compare Chars", "03. Compare Chars\03. Compare Chars.csproj", "{84313966-9083-4236-B506-B5CA98394243}"
EndProject
Project("{FAE04EC0-301F-11D3-BF4B-00C04F79EFBC}") = "04. Maximal Siquence", "04. Maximal Siquence\04. Maximal Siquence.csproj", "{72882C61-0AA1-4EA9-9DD6-A4BB3BE75BDE}"
EndProject
Project("{FAE04EC0-301F-11D3-BF4B-00C04F79EFBC}") = "05. Maximal Increasing Sequance", "05. Maximal Increasing Sequance\05. Maximal Increasing Sequance.csproj", "{AE22786B-EA17-44EB-9267-DF6532AC7BA8}"
EndProject
Global
	GlobalSection(SolutionConfigurationPlatforms) = preSolution
		Debug|Any CPU = Debug|Any CPU
		Release|Any CPU = Release|Any CPU
	EndGlobalSection
	GlobalSection(ProjectConfigurationPlatforms) = postSolution
		{61A17574-A1E2-4C4F-B571-D69400F99403}.Debug|Any CPU.ActiveCfg = Debug|Any CPU
		{61A17574-A1E2-4C4F-B571-D69400F99403}.Debug|Any CPU.Build.0 = Debug|Any CPU
		{61A17574-A1E2-4C4F-B571-D69400F99403}.Release|Any CPU.ActiveCfg = Release|Any CPU
		{61A17574-A1E2-4C4F-B571-D69400F99403}.Release|Any CPU.Build.0 = Release|Any CPU
		{7B239F52-D049-454A-A69F-30CF26822558}.Debug|Any CPU.ActiveCfg = Debug|Any CPU
		{7B239F52-D049-454A-A69F-30CF26822558}.Debug|Any CPU.Build.0 = Debug|Any CPU
		{7B239F52-D049-454A-A69F-30CF26822558}.Release|Any CPU.ActiveCfg = Release|Any CPU
		{7B239F52-D049-454A-A69F-30CF26822558}.Release|Any CPU.Build.0 = Release|Any CPU
		{84313966-9083-4236-B506-B5CA98394243}.Debug|Any CPU.ActiveCfg = Debug|Any CPU
		{84313966-9083-4236-B506-B5CA98394243}.Debug|Any CPU.Build.0 = Debug|Any CPU
		{84313966-9083-4236-B506-B5CA98394243}.Release|Any CPU.ActiveCfg = Release|Any CPU
		{84313966-9083-4236-B506-B5CA98394243}.Release|Any CPU.Build.0 = Release|Any CPU
		{72882C61-0AA1-4EA9-9DD6-A4BB3BE75BDE}.Debug|Any CPU.ActiveCfg = Debug|Any CPU
		{72882C61-0AA1-4EA9-9DD6-A4BB3BE75BDE}.Debug|Any CPU.Build.0 = Debug|Any CPU
		{72882C61-0AA1-4EA9-9DD6-A4BB3BE75BDE}.Release|Any CPU.ActiveCfg = Release|Any CPU
		{72882C61-0AA1-4EA9-9DD6-A4BB3BE75BDE}.Release|Any CPU.Build.0 = Release|Any CPU
		{AE22786B-EA17-44EB-9267-DF6532AC7BA8}.Debug|Any CPU.ActiveCfg = Debug|Any CPU
		{AE22786B-EA17-44EB-9267-DF6532AC7BA8}.Debug|Any CPU.Build.0 = Debug|Any CPU
		{AE22786B-EA17-44EB-9267-DF6532AC7BA8}.Release|Any CPU.ActiveCfg = Release|Any CPU
		{AE22786B-EA17-44EB-9267-DF6532AC7BA8}.Release|Any CPU.Build.0 = Release|Any CPU
	EndGlobalSection
	GlobalSection(SolutionProperties) = preSolution
		HideSolutionNode = FALSE
	EndGlobalSection
EndGlobal
